<?xml version="1.0" encoding="utf-8"?>
<Project ToolsVersion="4.0" xmlns="http://schemas.microsoft.com/developer/msbuild/2003">
  <ItemGroup>
    <Filter Include="Source Files">
      <UniqueIdentifier>{4FC737F1-C7A5-4376-A066-2A32D752A2FF}</UniqueIdentifier>
      <Extensions>cpp;c;cc;cxx;def;odl;idl;hpj;bat;asm;asmx</Extensions>
    </Filter>
    <Filter Include="Header Files">
      <UniqueIdentifier>{93995380-89BD-4b04-88EB-625FBE52EBFB}</UniqueIdentifier>
      <Extensions>h;hh;hpp;hxx;hm;inl;inc;ipp;xsd</Extensions>
    </Filter>
    <Filter Include="Resource Files">
      <UniqueIdentifier>{67DA6AB6-F800-4c08-8B7A-83BB121AAD01}</UniqueIdentifier>
      <Extensions>rc;ico;cur;bmp;dlg;rc2;rct;bin;rgs;gif;jpg;jpeg;jpe;resx;tiff;tif;png;wav;mfcribbon-ms</Extensions>
    </Filter>
    <Filter Include="Header Files\Util">
      <UniqueIdentifier>{6d41c57f-e88b-4d36-9575-c5f02d8022e5}</UniqueIdentifier>
    </Filter>
    <Filter Include="Source Files\Util">
      <UniqueIdentifier>{9637980c-7cc1-4d0c-933f-a6f629b9ecae}</UniqueIdentifier>
    </Filter>
    <Filter Include="Header Files\Item">
      <UniqueIdentifier>{5ba08f3b-d538-49b9-998d-8eb401106a0d}</UniqueIdentifier>
    </Filter>
    <Filter Include="Source Files\Item">
      <UniqueIdentifier>{85350b50-ddd5-45a1-991a-a56ae3087662}</UniqueIdentifier>
    </Filter>
    <Filter Include="Header Files\StarList">
      <UniqueIdentifier>{eb1da1dd-7273-4f1e-b4c2-6b7277d8fdfd}</UniqueIdentifier>
    </Filter>
    <Filter Include="Source Files\StarListFactory">
      <UniqueIdentifier>{933c99cb-5f7f-4b11-87f5-0eaa770ba702}</UniqueIdentifier>
    </Filter>
    <Filter Include="Header Files\StarListFactory">
      <UniqueIdentifier>{645d52bb-3f91-408b-9ec3-b5ae2d7ce2ad}</UniqueIdentifier>
    </Filter>
    <Filter Include="Header Files\Iterator">
      <UniqueIdentifier>{9ffa253e-9e7b-4889-a983-20307ced4d41}</UniqueIdentifier>
    </Filter>
    <Filter Include="Source Files\Iterator">
      <UniqueIdentifier>{058a315a-09ec-49c2-a12d-1882bcea68e4}</UniqueIdentifier>
    </Filter>
    <Filter Include="Source Files\StarList">
      <UniqueIdentifier>{efe5202b-2a2c-4470-ae8e-95c4a38b16d7}</UniqueIdentifier>
    </Filter>
    <Filter Include="Header Files\Strategy">
      <UniqueIdentifier>{b9df0def-1164-4603-bd62-f3daec9b145a}</UniqueIdentifier>
    </Filter>
    <Filter Include="Source Files\Strategy">
      <UniqueIdentifier>{230520d3-206d-45ef-8199-078bcbef5ab6}</UniqueIdentifier>
    </Filter>
  </ItemGroup>
  <ItemGroup>
    <ClCompile Include="GalaxyNotes.cpp">
      <Filter>Source Files</Filter>
    </ClCompile>
    <ClCompile Include="DateTime.cpp">
      <Filter>Source Files\Util</Filter>
    </ClCompile>
    <ClCompile Include="GroceryList.cpp">
      <Filter>Source Files\StarList</Filter>
    </ClCompile>
    <ClCompile Include="ToDoList.cpp">
      <Filter>Source Files\StarList</Filter>
    </ClCompile>
    <ClCompile Include="Item.cpp">
      <Filter>Source Files\Item</Filter>
    </ClCompile>
    <ClCompile Include="LuggageList.cpp">
      <Filter>Source Files\StarList</Filter>
    </ClCompile>
    <ClCompile Include="Task.cpp">
      <Filter>Source Files\Item</Filter>
    </ClCompile>
    <ClCompile Include="StarListFactory.cpp">
      <Filter>Source Files\StarListFactory</Filter>
    </ClCompile>
    <ClCompile Include="TaskAdaptor.cpp">
      <Filter>Source Files\Item</Filter>
    </ClCompile>
    <ClCompile Include="StarListIterator.cpp">
      <Filter>Source Files\Iterator</Filter>
    </ClCompile>
    <ClCompile Include="Tests.cpp">
      <Filter>Source Files</Filter>
    </ClCompile>
    <ClCompile Include="UI.cpp">
      <Filter>Source Files</Filter>
    </ClCompile>
    <ClCompile Include="Star.cpp">
      <Filter>Source Files\Strategy</Filter>
    </ClCompile>
    <ClCompile Include="Strategy.cpp">
      <Filter>Source Files\Strategy</Filter>
    </ClCompile>
  </ItemGroup>
  <ItemGroup>
    <ClInclude Include="DateTime.h">
      <Filter>Header Files\Util</Filter>
    </ClInclude>
    <ClInclude Include="GroceryList.h">
      <Filter>Header Files\StarList</Filter>
    </ClInclude>
    <ClInclude Include="Types.h">
      <Filter>Header Files\Util</Filter>
    </ClInclude>
    <ClInclude Include="ToDoList.h">
      <Filter>Header Files\StarList</Filter>
    </ClInclude>
    <ClInclude Include="Item.h">
      <Filter>Header Files\Item</Filter>
    </ClInclude>
    <ClInclude Include="LuggageList.h">
      <Filter>Header Files\StarList</Filter>
    </ClInclude>
    <ClInclude Include="StarList.h">
      <Filter>Header Files\StarList</Filter>
    </ClInclude>
    <ClInclude Include="Task.h">
      <Filter>Header Files\Item</Filter>
    </ClInclude>
    <ClInclude Include="StarListFactory.h">
      <Filter>Header Files\StarListFactory</Filter>
    </ClInclude>
    <ClInclude Include="TaskAdaptor.h">
      <Filter>Header Files\Item</Filter>
    </ClInclude>
    <ClInclude Include="StarListIterator.h">
      <Filter>Header Files\Iterator</Filter>
    </ClInclude>
    <ClInclude Include="Iterator.h">
      <Filter>Header Files\Iterator</Filter>
    </ClInclude>
    <ClInclude Include="Tests.h">
      <Filter>Header Files</Filter>
    </ClInclude>
    <ClInclude Include="UI.h">
      <Filter>Header Files</Filter>
    </ClInclude>
    <ClInclude Include="Commands.h">
      <Filter>Header Files\Util</Filter>
    </ClInclude>
    <ClInclude Include="Strategy.h">
      <Filter>Header Files\Strategy</Filter>
    </ClInclude>
  </ItemGroup>
  <ItemGroup>
    <Text Include="Galaxy.txt">
      <Filter>Resource Files</Filter>
    </Text>
  </ItemGroup>
</Project>